// !$*UTF8*$!
{
	archiveVersion = 1;
	classes = {
	};
	objectVersion = 56;
	objects = {

/* Begin PBXBuildFile section */
		5DB9A7B82B060070004A7922 /* weather_appApp.swift in Sources */ = {isa = PBXBuildFile; fileRef = 5DB9A7B72B060070004A7922 /* weather_appApp.swift */; };
		5DB9A7BA2B060070004A7922 /* ContentView.swift in Sources */ = {isa = PBXBuildFile; fileRef = 5DB9A7B92B060070004A7922 /* ContentView.swift */; };
		5DB9A7BC2B060073004A7922 /* Assets.xcassets in Resources */ = {isa = PBXBuildFile; fileRef = 5DB9A7BB2B060073004A7922 /* Assets.xcassets */; };
		5DB9A7BF2B060073004A7922 /* Preview Assets.xcassets in Resources */ = {isa = PBXBuildFile; fileRef = 5DB9A7BE2B060073004A7922 /* Preview Assets.xcassets */; };
		5DB9A7C92B060073004A7922 /* weather_appTests.swift in Sources */ = {isa = PBXBuildFile; fileRef = 5DB9A7C82B060073004A7922 /* weather_appTests.swift */; };
		5DB9A7D32B060073004A7922 /* weather_appUITests.swift in Sources */ = {isa = PBXBuildFile; fileRef = 5DB9A7D22B060073004A7922 /* weather_appUITests.swift */; };
		5DB9A7D52B060073004A7922 /* weather_appUITestsLaunchTests.swift in Sources */ = {isa = PBXBuildFile; fileRef = 5DB9A7D42B060073004A7922 /* weather_appUITestsLaunchTests.swift */; };
/* End PBXBuildFile section */

/* Begin PBXContainerItemProxy section */
		5DB9A7C52B060073004A7922 /* PBXContainerItemProxy */ = {
			isa = PBXContainerItemProxy;
			containerPortal = 5DB9A7AC2B06006F004A7922 /* Project object */;
			proxyType = 1;
			remoteGlobalIDString = 5DB9A7B32B060070004A7922;
			remoteInfo = "weather app";
		};
		5DB9A7CF2B060073004A7922 /* PBXContainerItemProxy */ = {
			isa = PBXContainerItemProxy;
			containerPortal = 5DB9A7AC2B06006F004A7922 /* Project object */;
			proxyType = 1;
			remoteGlobalIDString = 5DB9A7B32B060070004A7922;
			remoteInfo = "weather app";
		};
/* End PBXContainerItemProxy section */

/* Begin PBXFileReference section */
		5DB9A7B42B060070004A7922 /* weather app.app */ = {isa = PBXFileReference; explicitFileType = wrapper.application; includeInIndex = 0; path = "weather app.app"; sourceTree = BUILT_PRODUCTS_DIR; };
		5DB9A7B72B060070004A7922 /* weather_appApp.swift */ = {isa = PBXFileReference; lastKnownFileType = sourcecode.swift; path = weather_appApp.swift; sourceTree = "<group>"; };
		5DB9A7B92B060070004A7922 /* ContentView.swift */ = {isa = PBXFileReference; lastKnownFileType = sourcecode.swift; path = ContentView.swift; sourceTree = "<group>"; };
		5DB9A7BB2B060073004A7922 /* Assets.xcassets */ = {isa = PBXFileReference; lastKnownFileType = folder.assetcatalog; path = Assets.xcassets; sourceTree = "<group>"; };
		5DB9A7BE2B060073004A7922 /* Preview Assets.xcassets */ = {isa = PBXFileReference; lastKnownFileType = folder.assetcatalog; path = "Preview Assets.xcassets"; sourceTree = "<group>"; };
		5DB9A7C42B060073004A7922 /* weather appTests.xctest */ = {isa = PBXFileReference; explicitFileType = wrapper.cfbundle; includeInIndex = 0; path = "weather appTests.xctest"; sourceTree = BUILT_PRODUCTS_DIR; };
		5DB9A7C82B060073004A7922 /* weather_appTests.swift */ = {isa = PBXFileReference; lastKnownFileType = sourcecode.swift; path = weather_appTests.swift; sourceTree = "<group>"; };
		5DB9A7CE2B060073004A7922 /* weather appUITests.xctest */ = {isa = PBXFileReference; explicitFileType = wrapper.cfbundle; includeInIndex = 0; path = "weather appUITests.xctest"; sourceTree = BUILT_PRODUCTS_DIR; };
		5DB9A7D22B060073004A7922 /* weather_appUITests.swift */ = {isa = PBXFileReference; lastKnownFileType = sourcecode.swift; path = weather_appUITests.swift; sourceTree = "<group>"; };
		5DB9A7D42B060073004A7922 /* weather_appUITestsLaunchTests.swift */ = {isa = PBXFileReference; lastKnownFileType = sourcecode.swift; path = weather_appUITestsLaunchTests.swift; sourceTree = "<group>"; };
/* End PBXFileReference section */

/* Begin PBXFrameworksBuildPhase section */
		5DB9A7B12B060070004A7922 /* Frameworks */ = {
			isa = PBXFrameworksBuildPhase;
			buildActionMask = 2147483647;
			files = (
			);
			runOnlyForDeploymentPostprocessing = 0;
		};
		5DB9A7C12B060073004A7922 /* Frameworks */ = {
			isa = PBXFrameworksBuildPhase;
			buildActionMask = 2147483647;
			files = (
			);
			runOnlyForDeploymentPostprocessing = 0;
		};
		5DB9A7CB2B060073004A7922 /* Frameworks */ = {
			isa = PBXFrameworksBuildPhase;
			buildActionMask = 2147483647;
			files = (
			);
			runOnlyForDeploymentPostprocessing = 0;
		};
/* End PBXFrameworksBuildPhase section */

/* Begin PBXGroup section */
		5DB9A7AB2B06006F004A7922 = {
			isa = PBXGroup;
			children = (
				5DB9A7B62B060070004A7922 /* weather app */,
				5DB9A7C72B060073004A7922 /* weather appTests */,
				5DB9A7D12B060073004A7922 /* weather appUITests */,
				5DB9A7B52B060070004A7922 /* Products */,
			);
			sourceTree = "<group>";
		};
		5DB9A7B52B060070004A7922 /* Products */ = {
			isa = PBXGroup;
			children = (
				5DB9A7B42B060070004A7922 /* weather app.app */,
				5DB9A7C42B060073004A7922 /* weather appTests.xctest */,
				5DB9A7CE2B060073004A7922 /* weather appUITests.xctest */,
			);
			name = Products;
			sourceTree = "<group>";
		};
		5DB9A7B62B060070004A7922 /* weather app */ = {
			isa = PBXGroup;
			children = (
				5DB9A7B72B060070004A7922 /* weather_appApp.swift */,
				5DB9A7B92B060070004A7922 /* ContentView.swift */,
				5DB9A7BB2B060073004A7922 /* Assets.xcassets */,
				5DB9A7BD2B060073004A7922 /* Preview Content */,
			);
			path = "weather app";
			sourceTree = "<group>";
		};
		5DB9A7BD2B060073004A7922 /* Preview Content */ = {
			isa = PBXGroup;
			children = (
				5DB9A7BE2B060073004A7922 /* Preview Assets.xcassets */,
			);
			path = "Preview Content";
			sourceTree = "<group>";
		};
		5DB9A7C72B060073004A7922 /* weather appTests */ = {
			isa = PBXGroup;
			children = (
				5DB9A7C82B060073004A7922 /* weather_appTests.swift */,
			);
			path = "weather appTests";
			sourceTree = "<group>";
		};
		5DB9A7D12B060073004A7922 /* weather appUITests */ = {
			isa = PBXGroup;
			children = (
				5DB9A7D22B060073004A7922 /* weather_appUITests.swift */,
				5DB9A7D42B060073004A7922 /* weather_appUITestsLaunchTests.swift */,
			);
			path = "weather appUITests";
			sourceTree = "<group>";
		};
/* End PBXGroup section */

/* Begin PBXNativeTarget section */
		5DB9A7B32B060070004A7922 /* weather app */ = {
			isa = PBXNativeTarget;
			buildConfigurationList = 5DB9A7D82B060073004A7922 /* Build configuration list for PBXNativeTarget "weather app" */;
			buildPhases = (
				5DB9A7B02B060070004A7922 /* Sources */,
				5DB9A7B12B060070004A7922 /* Frameworks */,
				5DB9A7B22B060070004A7922 /* Resources */,
			);
			buildRules = (
			);
			dependencies = (
			);
			name = "weather app";
			productName = "weather app";
			productReference = 5DB9A7B42B060070004A7922 /* weather app.app */;
			productType = "com.apple.product-type.application";
		};
		5DB9A7C32B060073004A7922 /* weather appTests */ = {
			isa = PBXNativeTarget;
			buildConfigurationList = 5DB9A7DB2B060073004A7922 /* Build configuration list for PBXNativeTarget "weather appTests" */;
			buildPhases = (
				5DB9A7C02B060073004A7922 /* Sources */,
				5DB9A7C12B060073004A7922 /* Frameworks */,
				5DB9A7C22B060073004A7922 /* Resources */,
			);
			buildRules = (
			);
			dependencies = (
				5DB9A7C62B060073004A7922 /* PBXTargetDependency */,
			);
			name = "weather appTests";
			productName = "weather appTests";
			productReference = 5DB9A7C42B060073004A7922 /* weather appTests.xctest */;
			productType = "com.apple.product-type.bundle.unit-test";
		};
		5DB9A7CD2B060073004A7922 /* weather appUITests */ = {
			isa = PBXNativeTarget;
			buildConfigurationList = 5DB9A7DE2B060073004A7922 /* Build configuration list for PBXNativeTarget "weather appUITests" */;
			buildPhases = (
				5DB9A7CA2B060073004A7922 /* Sources */,
				5DB9A7CB2B060073004A7922 /* Frameworks */,
				5DB9A7CC2B060073004A7922 /* Resources */,
			);
			buildRules = (
			);
			dependencies = (
				5DB9A7D02B060073004A7922 /* PBXTargetDependency */,
			);
			name = "weather appUITests";
			productName = "weather appUITests";
			productReference = 5DB9A7CE2B060073004A7922 /* weather appUITests.xctest */;
			productType = "com.apple.product-type.bundle.ui-testing";
		};
/* End PBXNativeTarget section */

/* Begin PBXProject section */
		5DB9A7AC2B06006F004A7922 /* Project object */ = {
			isa = PBXProject;
			attributes = {
				BuildIndependentTargetsInParallel = 1;
				LastSwiftUpdateCheck = 1500;
				LastUpgradeCheck = 1500;
				TargetAttributes = {
					5DB9A7B32B060070004A7922 = {
						CreatedOnToolsVersion = 15.0.1;
					};
					5DB9A7C32B060073004A7922 = {
						CreatedOnToolsVersion = 15.0.1;
						TestTargetID = 5DB9A7B32B060070004A7922;
					};
					5DB9A7CD2B060073004A7922 = {
						CreatedOnToolsVersion = 15.0.1;
						TestTargetID = 5DB9A7B32B060070004A7922;
					};
				};
			};
			buildConfigurationList = 5DB9A7AF2B06006F004A7922 /* Build configuration list for PBXProject "weather app" */;
			compatibilityVersion = "Xcode 14.0";
			developmentRegion = en;
			hasScannedForEncodings = 0;
			knownRegions = (
				en,
				Base,
			);
			mainGroup = 5DB9A7AB2B06006F004A7922;
			productRefGroup = 5DB9A7B52B060070004A7922 /* Products */;
			projectDirPath = "";
			projectRoot = "";
			targets = (
				5DB9A7B32B060070004A7922 /* weather app */,
				5DB9A7C32B060073004A7922 /* weather appTests */,
				5DB9A7CD2B060073004A7922 /* weather appUITests */,
			);
		};
/* End PBXProject section */

/* Begin PBXResourcesBuildPhase section */
		5DB9A7B22B060070004A7922 /* Resources */ = {
			isa = PBXResourcesBuildPhase;
			buildActionMask = 2147483647;
			files = (
				5DB9A7BF2B060073004A7922 /* Preview Assets.xcassets in Resources */,
				5DB9A7BC2B060073004A7922 /* Assets.xcassets in Resources */,
			);
			runOnlyForDeploymentPostprocessing = 0;
		};
		5DB9A7C22B060073004A7922 /* Resources */ = {
			isa = PBXResourcesBuildPhase;
			buildActionMask = 2147483647;
			files = (
			);
			runOnlyForDeploymentPostprocessing = 0;
		};
		5DB9A7CC2B060073004A7922 /* Resources */ = {
			isa = PBXResourcesBuildPhase;
			buildActionMask = 2147483647;
			files = (
			);
			runOnlyForDeploymentPostprocessing = 0;
		};
/* End PBXResourcesBuildPhase section */

/* Begin PBXSourcesBuildPhase section */
		5DB9A7B02B060070004A7922 /* Sources */ = {
			isa = PBXSourcesBuildPhase;
			buildActionMask = 2147483647;
			files = (
				5DB9A7BA2B060070004A7922 /* ContentView.swift in Sources */,
				5DB9A7B82B060070004A7922 /* weather_appApp.swift in Sources */,
			);
			runOnlyForDeploymentPostprocessing = 0;
		};
		5DB9A7C02B060073004A7922 /* Sources */ = {
			isa = PBXSourcesBuildPhase;
			buildActionMask = 2147483647;
			files = (
				5DB9A7C92B060073004A7922 /* weather_appTests.swift in Sources */,
			);
			runOnlyForDeploymentPostprocessing = 0;
		};
		5DB9A7CA2B060073004A7922 /* Sources */ = {
			isa = PBXSourcesBuildPhase;
			buildActionMask = 2147483647;
			files = (
				5DB9A7D32B060073004A7922 /* weather_appUITests.swift in Sources */,
				5DB9A7D52B060073004A7922 /* weather_appUITestsLaunchTests.swift in Sources */,
			);
			runOnlyForDeploymentPostprocessing = 0;
		};
/* End PBXSourcesBuildPhase section */

/* Begin PBXTargetDependency section */
		5DB9A7C62B060073004A7922 /* PBXTargetDependency */ = {
			isa = PBXTargetDependency;
			target = 5DB9A7B32B060070004A7922 /* weather app */;
			targetProxy = 5DB9A7C52B060073004A7922 /* PBXContainerItemProxy */;
		};
		5DB9A7D02B060073004A7922 /* PBXTargetDependency */ = {
			isa = PBXTargetDependency;
			target = 5DB9A7B32B060070004A7922 /* weather app */;
			targetProxy = 5DB9A7CF2B060073004A7922 /* PBXContainerItemProxy */;
		};
/* End PBXTargetDependency section */

/* Begin XCBuildConfiguration section */
		5DB9A7D62B060073004A7922 /* Debug */ = {
			isa = XCBuildConfiguration;
			buildSettings = {
				ALWAYS_SEARCH_USER_PATHS = NO;
				ASSETCATALOG_COMPILER_GENERATE_SWIFT_ASSET_SYMBOL_EXTENSIONS = YES;
				CLANG_ANALYZER_NONNULL = YES;
				CLANG_ANALYZER_NUMBER_OBJECT_CONVERSION = YES_AGGRESSIVE;
				CLANG_CXX_LANGUAGE_STANDARD = "gnu++20";
				CLANG_ENABLE_MODULES = YES;
				CLANG_ENABLE_OBJC_ARC = YES;
				CLANG_ENABLE_OBJC_WEAK = YES;
				CLANG_WARN_BLOCK_CAPTURE_AUTORELEASING = YES;
				CLANG_WARN_BOOL_CONVERSION = YES;
				CLANG_WARN_COMMA = YES;
				CLANG_WARN_CONSTANT_CONVERSION = YES;
				CLANG_WARN_DEPRECATED_OBJC_IMPLEMENTATIONS = YES;
				CLANG_WARN_DIRECT_OBJC_ISA_USAGE = YES_ERROR;
				CLANG_WARN_DOCUMENTATION_COMMENTS = YES;
				CLANG_WARN_EMPTY_BODY = YES;
				CLANG_WARN_ENUM_CONVERSION = YES;
				CLANG_WARN_INFINITE_RECURSION = YES;
				CLANG_WARN_INT_CONVERSION = YES;
				CLANG_WARN_NON_LITERAL_NULL_CONVERSION = YES;
				CLANG_WARN_OBJC_IMPLICIT_RETAIN_SELF = YES;
				CLANG_WARN_OBJC_LITERAL_CONVERSION = YES;
				CLANG_WARN_OBJC_ROOT_CLASS = YES_ERROR;
				CLANG_WARN_QUOTED_INCLUDE_IN_FRAMEWORK_HEADER = YES;
				CLANG_WARN_RANGE_LOOP_ANALYSIS = YES;
				CLANG_WARN_STRICT_PROTOTYPES = YES;
				CLANG_WARN_SUSPICIOUS_MOVE = YES;
				CLANG_WARN_UNGUARDED_AVAILABILITY = YES_AGGRESSIVE;
				CLANG_WARN_UNREACHABLE_CODE = YES;
				CLANG_WARN__DUPLICATE_METHOD_MATCH = YES;
				COPY_PHASE_STRIP = NO;
				DEBUG_INFORMATION_FORMAT = dwarf;
				ENABLE_STRICT_OBJC_MSGSEND = YES;
				ENABLE_TESTABILITY = YES;
				ENABLE_USER_SCRIPT_SANDBOXING = YES;
				GCC_C_LANGUAGE_STANDARD = gnu17;
				GCC_DYNAMIC_NO_PIC = NO;
				GCC_NO_COMMON_BLOCKS = YES;
				GCC_OPTIMIZATION_LEVEL = 0;
				GCC_PREPROCESSOR_DEFINITIONS = (
					"DEBUG=1",
					"$(inherited)",
				);
				GCC_WARN_64_TO_32_BIT_CONVERSION = YES;
				GCC_WARN_ABOUT_RETURN_TYPE = YES_ERROR;
				GCC_WARN_UNDECLARED_SELECTOR = YES;
				GCC_WARN_UNINITIALIZED_AUTOS = YES_AGGRESSIVE;
				GCC_WARN_UNUSED_FUNCTION = YES;
				GCC_WARN_UNUSED_VARIABLE = YES;
				IPHONEOS_DEPLOYMENT_TARGET = 17.0;
				LOCALIZATION_PREFERS_STRING_CATALOGS = YES;
				MTL_ENABLE_DEBUG_INFO = INCLUDE_SOURCE;
				MTL_FAST_MATH = YES;
				ONLY_ACTIVE_ARCH = YES;
				SDKROOT = iphoneos;
				SWIFT_ACTIVE_COMPILATION_CONDITIONS = "DEBUG $(inherited)";
				SWIFT_OPTIMIZATION_LEVEL = "-Onone";
			};
			name = Debug;
		};
		5DB9A7D72B060073004A7922 /* Release */ = {
			isa = XCBuildConfiguration;
			buildSettings = {
				ALWAYS_SEARCH_USER_PATHS = NO;
				ASSETCATALOG_COMPILER_GENERATE_SWIFT_ASSET_SYMBOL_EXTENSIONS = YES;
				CLANG_ANALYZER_NONNULL = YES;
				CLANG_ANALYZER_NUMBER_OBJECT_CONVERSION = YES_AGGRESSIVE;
				CLANG_CXX_LANGUAGE_STANDARD = "gnu++20";
				CLANG_ENABLE_MODULES = YES;
				CLANG_ENABLE_OBJC_ARC = YES;
				CLANG_ENABLE_OBJC_WEAK = YES;
				CLANG_WARN_BLOCK_CAPTURE_AUTORELEASING = YES;
				CLANG_WARN_BOOL_CONVERSION = YES;
				CLANG_WARN_COMMA = YES;
				CLANG_WARN_CONSTANT_CONVERSION = YES;
				CLANG_WARN_DEPRECATED_OBJC_IMPLEMENTATIONS = YES;
				CLANG_WARN_DIRECT_OBJC_ISA_USAGE = YES_ERROR;
				CLANG_WARN_DOCUMENTATION_COMMENTS = YES;
				CLANG_WARN_EMPTY_BODY = YES;
				CLANG_WARN_ENUM_CONVERSION = YES;
				CLANG_WARN_INFINITE_RECURSION = YES;
				CLANG_WARN_INT_CONVERSION = YES;
				CLANG_WARN_NON_LITERAL_NULL_CONVERSION = YES;
				CLANG_WARN_OBJC_IMPLICIT_RETAIN_SELF = YES;
				CLANG_WARN_OBJC_LITERAL_CONVERSION = YES;
				CLANG_WARN_OBJC_ROOT_CLASS = YES_ERROR;
				CLANG_WARN_QUOTED_INCLUDE_IN_FRAMEWORK_HEADER = YES;
				CLANG_WARN_RANGE_LOOP_ANALYSIS = YES;
				CLANG_WARN_STRICT_PROTOTYPES = YES;
				CLANG_WARN_SUSPICIOUS_MOVE = YES;
				CLANG_WARN_UNGUARDED_AVAILABILITY = YES_AGGRESSIVE;
				CLANG_WARN_UNREACHABLE_CODE = YES;
				CLANG_WARN__DUPLICATE_METHOD_MATCH = YES;
				COPY_PHASE_STRIP = NO;
				DEBUG_INFORMATION_FORMAT = "dwarf-with-dsym";
				ENABLE_NS_ASSERTIONS = NO;
				ENABLE_STRICT_OBJC_MSGSEND = YES;
				ENABLE_USER_SCRIPT_SANDBOXING = YES;
				GCC_C_LANGUAGE_STANDARD = gnu17;
				GCC_NO_COMMON_BLOCKS = YES;
				GCC_WARN_64_TO_32_BIT_CONVERSION = YES;
				GCC_WARN_ABOUT_RETURN_TYPE = YES_ERROR;
				GCC_WARN_UNDECLARED_SELECTOR = YES;
				GCC_WARN_UNINITIALIZED_AUTOS = YES_AGGRESSIVE;
				GCC_WARN_UNUSED_FUNCTION = YES;
				GCC_WARN_UNUSED_VARIABLE = YES;
				IPHONEOS_DEPLOYMENT_TARGET = 17.0;
				LOCALIZATION_PREFERS_STRING_CATALOGS = YES;
				MTL_ENABLE_DEBUG_INFO = NO;
				MTL_FAST_MATH = YES;
				SDKROOT = iphoneos;
				SWIFT_COMPILATION_MODE = wholemodule;
				VALIDATE_PRODUCT = YES;
			};
			name = Release;
		};
		5DB9A7D92B060073004A7922 /* Debug */ = {
			isa = XCBuildConfiguration;
			buildSettings = {
				ASSETCATALOG_COMPILER_APPICON_NAME = AppIcon;
				ASSETCATALOG_COMPILER_GLOBAL_ACCENT_COLOR_NAME = AccentColor;
				CODE_SIGN_STYLE = Automatic;
				CURRENT_PROJECT_VERSION = 1;
				DEVELOPMENT_ASSET_PATHS = "\"weather app/Preview Content\"";
				ENABLE_PREVIEWS = YES;
				GENERATE_INFOPLIST_FILE = YES;
				INFOPLIST_KEY_UIApplicationSceneManifest_Generation = YES;
				INFOPLIST_KEY_UIApplicationSupportsIndirectInputEvents = YES;
				INFOPLIST_KEY_UILaunchScreen_Generation = YES;
				INFOPLIST_KEY_UISupportedInterfaceOrientations_iPad = "UIInterfaceOrientationPortrait UIInterfaceOrientationPortraitUpsideDown UIInterfaceOrientationLandscapeLeft UIInterfaceOrientationLandscapeRight";
				INFOPLIST_KEY_UISupportedInterfaceOrientations_iPhone = "UIInterfaceOrientationPortrait UIInterfaceOrientationLandscapeLeft UIInterfaceOrientationLandscapeRight";
				LD_RUNPATH_SEARCH_PATHS = (
					"$(inherited)",
					"@executable_path/Frameworks",
				);
				MARKETING_VERSION = 1.0;
				PRODUCT_BUNDLE_IDENTIFIER = "rehanshah.weather-app";
				PRODUCT_NAME = "$(TARGET_NAME)";
				SWIFT_EMIT_LOC_STRINGS = YES;
				SWIFT_VERSION = 5.0;
				TARGETED_DEVICE_FAMILY = "1,2";
			};
			name = Debug;
		};
		5DB9A7DA2B060073004A7922 /* Release */ = {
			isa = XCBuildConfiguration;
			buildSettings = {
				ASSETCATALOG_COMPILER_APPICON_NAME = AppIcon;
				ASSETCATALOG_COMPILER_GLOBAL_ACCENT_COLOR_NAME = AccentColor;
				CODE_SIGN_STYLE = Automatic;
				CURRENT_PROJECT_VERSION = 1;
				DEVELOPMENT_ASSET_PATHS = "\"weather app/Preview Content\"";
				ENABLE_PREVIEWS = YES;
				GENERATE_INFOPLIST_FILE = YES;
				INFOPLIST_KEY_UIApplicationSceneManifest_Generation = YES;
				INFOPLIST_KEY_UIApplicationSupportsIndirectInputEvents = YES;
				INFOPLIST_KEY_UILaunchScreen_Generation = YES;
				INFOPLIST_KEY_UISupportedInterfaceOrientations_iPad = "UIInterfaceOrientationPortrait UIInterfaceOrientationPortraitUpsideDown UIInterfaceOrientationLandscapeLeft UIInterfaceOrientationLandscapeRight";
				INFOPLIST_KEY_UISupportedInterfaceOrientations_iPhone = "UIInterfaceOrientationPortrait UIInterfaceOrientationLandscapeLeft UIInterfaceOrientationLandscapeRight";
				LD_RUNPATH_SEARCH_PATHS = (
					"$(inherited)",
					"@executable_path/Frameworks",
				);
				MARKETING_VERSION = 1.0;
				PRODUCT_BUNDLE_IDENTIFIER = "rehanshah.weather-app";
				PRODUCT_NAME = "$(TARGET_NAME)";
				SWIFT_EMIT_LOC_STRINGS = YES;
				SWIFT_VERSION = 5.0;
				TARGETED_DEVICE_FAMILY = "1,2";
			};
			name = Release;
		};
		5DB9A7DC2B060073004A7922 /* Debug */ = {
			isa = XCBuildConfiguration;
			buildSettings = {
				ALWAYS_EMBED_SWIFT_STANDARD_LIBRARIES = YES;
				BUNDLE_LOADER = "$(TEST_HOST)";
				CODE_SIGN_STYLE = Automatic;
				CURRENT_PROJECT_VERSION = 1;
				GENERATE_INFOPLIST_FILE = YES;
				IPHONEOS_DEPLOYMENT_TARGET = 17.0;
				MARKETING_VERSION = 1.0;
				PRODUCT_BUNDLE_IDENTIFIER = "rehanshah.weather-appTests";
				PRODUCT_NAME = "$(TARGET_NAME)";
				SWIFT_EMIT_LOC_STRINGS = NO;
				SWIFT_VERSION = 5.0;
				TARGETED_DEVICE_FAMILY = "1,2";
				TEST_HOST = "$(BUILT_PRODUCTS_DIR)/weather app.app/$(BUNDLE_EXECUTABLE_FOLDER_PATH)/weather app";
			};
			name = Debug;
		};
		5DB9A7DD2B060073004A7922 /* Release */ = {
			isa = XCBuildConfiguration;
			buildSettings = {
				ALWAYS_EMBED_SWIFT_STANDARD_LIBRARIES = YES;
				BUNDLE_LOADER = "$(TEST_HOST)";
				CODE_SIGN_STYLE = Automatic;
				CURRENT_PROJECT_VERSION = 1;
				GENERATE_INFOPLIST_FILE = YES;
				IPHONEOS_DEPLOYMENT_TARGET = 17.0;
				MARKETING_VERSION = 1.0;
				PRODUCT_BUNDLE_IDENTIFIER = "rehanshah.weather-appTests";
				PRODUCT_NAME = "$(TARGET_NAME)";
				SWIFT_EMIT_LOC_STRINGS = NO;
				SWIFT_VERSION = 5.0;
				TARGETED_DEVICE_FAMILY = "1,2";
				TEST_HOST = "$(BUILT_PRODUCTS_DIR)/weather app.app/$(BUNDLE_EXECUTABLE_FOLDER_PATH)/weather app";
			};
			name = Release;
		};
		5DB9A7DF2B060073004A7922 /* Debug */ = {
			isa = XCBuildConfiguration;
			buildSettings = {
				ALWAYS_EMBED_SWIFT_STANDARD_LIBRARIES = YES;
				CODE_SIGN_STYLE = Automatic;
				CURRENT_PROJECT_VERSION = 1;
				GENERATE_INFOPLIST_FILE = YES;
				MARKETING_VERSION = 1.0;
				PRODUCT_BUNDLE_IDENTIFIER = "rehanshah.weather-appUITests";
				PRODUCT_NAME = "$(TARGET_NAME)";
				SWIFT_EMIT_LOC_STRINGS = NO;
				SWIFT_VERSION = 5.0;
				TARGETED_DEVICE_FAMILY = "1,2";
				TEST_TARGET_NAME = "weather app";
			};
			name = Debug;
		};
		5DB9A7E02B060073004A7922 /* Release */ = {
			isa = XCBuildConfiguration;
			buildSettings = {
				ALWAYS_EMBED_SWIFT_STANDARD_LIBRARIES = YES;
				CODE_SIGN_STYLE = Automatic;
				CURRENT_PROJECT_VERSION = 1;
				GENERATE_INFOPLIST_FILE = YES;
				MARKETING_VERSION = 1.0;
				PRODUCT_BUNDLE_IDENTIFIER = "rehanshah.weather-appUITests";
				PRODUCT_NAME = "$(TARGET_NAME)";
				SWIFT_EMIT_LOC_STRINGS = NO;
				SWIFT_VERSION = 5.0;
				TARGETED_DEVICE_FAMILY = "1,2";
				TEST_TARGET_NAME = "weather app";
			};
			name = Release;
		};
/* End XCBuildConfiguration section */

/* Begin XCConfigurationList section */
		5DB9A7AF2B06006F004A7922 /* Build configuration list for PBXProject "weather app" */ = {
			isa = XCConfigurationList;
			buildConfigurations = (
				5DB9A7D62B060073004A7922 /* Debug */,
				5DB9A7D72B060073004A7922 /* Release */,
			);
			defaultConfigurationIsVisible = 0;
			defaultConfigurationName = Release;
		};
		5DB9A7D82B060073004A7922 /* Build configuration list for PBXNativeTarget "weather app" */ = {
			isa = XCConfigurationList;
			buildConfigurations = (
				5DB9A7D92B060073004A7922 /* Debug */,
				5DB9A7DA2B060073004A7922 /* Release */,
			);
			defaultConfigurationIsVisible = 0;
			defaultConfigurationName = Release;
		};
		5DB9A7DB2B060073004A7922 /* Build configuration list for PBXNativeTarget "weather appTests" */ = {
			isa = XCConfigurationList;
			buildConfigurations = (
				5DB9A7DC2B060073004A7922 /* Debug */,
				5DB9A7DD2B060073004A7922 /* Release */,
			);
			defaultConfigurationIsVisible = 0;
			defaultConfigurationName = Release;
		};
		5DB9A7DE2B060073004A7922 /* Build configuration list for PBXNativeTarget "weather appUITests" */ = {
			isa = XCConfigurationList;
			buildConfigurations = (
				5DB9A7DF2B060073004A7922 /* Debug */,
				5DB9A7E02B060073004A7922 /* Release */,
			);
			defaultConfigurationIsVisible = 0;
			defaultConfigurationName = Release;
		};
/* End XCConfigurationList section */
	};
	rootObject = 5DB9A7AC2B06006F004A7922 /* Project object */;
}
